
Microsoft Visual Studio Solution File, Format Version 12.00
# Visual Studio Version 16
VisualStudioVersion = 16.0.30523.141
MinimumVisualStudioVersion = 10.0.40219.1
Project("{FAE04EC0-301F-11D3-BF4B-00C04F79EFBC}") = "Cafe System", "Cafe System\Cafe System.csproj", "{7A480D75-5E3A-4583-BEF1-CF35E656B7F6}"
EndProject
Global
	GlobalSection(SolutionConfigurationPlatforms) = preSolution
		Debug|Any CPU = Debug|Any CPU
		Release|Any CPU = Release|Any CPU
	EndGlobalSection
	GlobalSection(ProjectConfigurationPlatforms) = postSolution
		{7A480D75-5E3A-4583-BEF1-CF35E656B7F6}.Debug|Any CPU.ActiveCfg = Debug|Any CPU
		{7A480D75-5E3A-4583-BEF1-CF35E656B7F6}.Debug|Any CPU.Build.0 = Debug|Any CPU
		{7A480D75-5E3A-4583-BEF1-CF35E656B7F6}.Release|Any CPU.ActiveCfg = Release|Any CPU
		{7A480D75-5E3A-4583-BEF1-CF35E656B7F6}.Release|Any CPU.Build.0 = Release|Any CPU
	EndGlobalSection
	GlobalSection(SolutionProperties) = preSolution
		HideSolutionNode = FALSE
	EndGlobalSection
	GlobalSection(ExtensibilityGlobals) = postSolution
		SolutionGuid = {10E8242F-506F-4D59-98BB-138A85F80B96}
	EndGlobalSection
EndGlobal
